
Microsoft Visual Studio Solution File, Format Version 12.00
# Visual Studio 2013
VisualStudioVersion = 12.0.21005.1
MinimumVisualStudioVersion = 10.0.40219.1
Project("{FAE04EC0-301F-11D3-BF4B-00C04F79EFBC}") = "ConsoleApplication1", "ConsoleApplication1\ConsoleApplication1.csproj", "{E766A51F-D2F4-432A-A99A-98963A502B1F}"
EndProject
Project("{FAE04EC0-301F-11D3-BF4B-00C04F79EFBC}") = "Practice.MVC", "Practice.MVC\Practice.MVC.csproj", "{19684E7D-7708-4A09-9A3E-94B63ED9E317}"
EndProject
Project("{FAE04EC0-301F-11D3-BF4B-00C04F79EFBC}") = "Practice.MVCAPP", "Practice.MVCAPP\Practice.MVCAPP.csproj", "{6ED8EE14-8FA4-4D7D-A523-44BBCFD2DF5E}"
EndProject
Project("{FAE04EC0-301F-11D3-BF4B-00C04F79EFBC}") = "Practice.WCF", "Practice.WCF\Practice.WCF.csproj", "{2B3891C8-7D1D-4703-8C3D-64CCFF1054F9}"
EndProject
Project("{FAE04EC0-301F-11D3-BF4B-00C04F79EFBC}") = "Practice.SelfHost", "Practice.SelfHost\Practice.SelfHost.csproj", "{0FE71ED4-06CB-48E2-BEA8-82361444596B}"
EndProject
Project("{FAE04EC0-301F-11D3-BF4B-00C04F79EFBC}") = "dell_ref", "dell_ref\dell_ref.csproj", "{A7852938-59B1-4424-969F-6863BBE496E3}"
EndProject
Project("{FAE04EC0-301F-11D3-BF4B-00C04F79EFBC}") = "ConsoleApplication2", "ConsoleApplication2\ConsoleApplication2.csproj", "{B6E0D513-6C53-474A-816F-8CF1F88B601B}"
EndProject
Project("{FAE04EC0-301F-11D3-BF4B-00C04F79EFBC}") = "Logger", "Logger\Logger.csproj", "{212E9940-9256-42A7-83FD-66EDD21675F2}"
EndProject
Project("{FAE04EC0-301F-11D3-BF4B-00C04F79EFBC}") = "UserManager", "..\ShareAssembly\UserManager\UserManager.csproj", "{A251D7E3-BE97-47D4-B926-8BDA92073441}"
EndProject
Project("{FAE04EC0-301F-11D3-BF4B-00C04F79EFBC}") = "Practice.ASP", "Practice.ASP\Practice.ASP.csproj", "{67ED1E11-6530-45CF-A6D9-4B55D7775874}"
EndProject
Project("{FAE04EC0-301F-11D3-BF4B-00C04F79EFBC}") = "Practice.ASP_MultiLanguageApp", "Practice.ASP_MultiLanguageApp\Practice.ASP_MultiLanguageApp.csproj", "{35CC9B0F-A960-4AD6-B186-D40AE4E605BB}"
EndProject
Project("{FAE04EC0-301F-11D3-BF4B-00C04F79EFBC}") = "Practice.MultilanguageMVC", "Practice.MultilanguageMVC\Practice.MultilanguageMVC.csproj", "{39F0E91B-E68B-4289-A1E6-9B9BF8597A82}"
EndProject
Project("{FAE04EC0-301F-11D3-BF4B-00C04F79EFBC}") = "Practice.WinApp", "Practice.WinApp\Practice.WinApp.csproj", "{4DC84477-34CA-4223-BAD1-C11494BCB1FA}"
EndProject
Project("{FAE04EC0-301F-11D3-BF4B-00C04F79EFBC}") = "ConsoleApplication3", "ConsoleApplication3\ConsoleApplication3.csproj", "{01FE9F97-1D51-434D-A42A-636B42A8302B}"
EndProject
Global
	GlobalSection(SolutionConfigurationPlatforms) = preSolution
		Debug|Any CPU = Debug|Any CPU
		Release|Any CPU = Release|Any CPU
	EndGlobalSection
	GlobalSection(ProjectConfigurationPlatforms) = postSolution
		{E766A51F-D2F4-432A-A99A-98963A502B1F}.Debug|Any CPU.ActiveCfg = Debug|Any CPU
		{E766A51F-D2F4-432A-A99A-98963A502B1F}.Debug|Any CPU.Build.0 = Debug|Any CPU
		{E766A51F-D2F4-432A-A99A-98963A502B1F}.Release|Any CPU.ActiveCfg = Release|Any CPU
		{E766A51F-D2F4-432A-A99A-98963A502B1F}.Release|Any CPU.Build.0 = Release|Any CPU
		{19684E7D-7708-4A09-9A3E-94B63ED9E317}.Debug|Any CPU.ActiveCfg = Debug|Any CPU
		{19684E7D-7708-4A09-9A3E-94B63ED9E317}.Debug|Any CPU.Build.0 = Debug|Any CPU
		{19684E7D-7708-4A09-9A3E-94B63ED9E317}.Release|Any CPU.ActiveCfg = Release|Any CPU
		{19684E7D-7708-4A09-9A3E-94B63ED9E317}.Release|Any CPU.Build.0 = Release|Any CPU
		{6ED8EE14-8FA4-4D7D-A523-44BBCFD2DF5E}.Debug|Any CPU.ActiveCfg = Debug|Any CPU
		{6ED8EE14-8FA4-4D7D-A523-44BBCFD2DF5E}.Debug|Any CPU.Build.0 = Debug|Any CPU
		{6ED8EE14-8FA4-4D7D-A523-44BBCFD2DF5E}.Release|Any CPU.ActiveCfg = Release|Any CPU
		{6ED8EE14-8FA4-4D7D-A523-44BBCFD2DF5E}.Release|Any CPU.Build.0 = Release|Any CPU
		{2B3891C8-7D1D-4703-8C3D-64CCFF1054F9}.Debug|Any CPU.ActiveCfg = Debug|Any CPU
		{2B3891C8-7D1D-4703-8C3D-64CCFF1054F9}.Debug|Any CPU.Build.0 = Debug|Any CPU
		{2B3891C8-7D1D-4703-8C3D-64CCFF1054F9}.Release|Any CPU.ActiveCfg = Release|Any CPU
		{2B3891C8-7D1D-4703-8C3D-64CCFF1054F9}.Release|Any CPU.Build.0 = Release|Any CPU
		{0FE71ED4-06CB-48E2-BEA8-82361444596B}.Debug|Any CPU.ActiveCfg = Debug|Any CPU
		{0FE71ED4-06CB-48E2-BEA8-82361444596B}.Debug|Any CPU.Build.0 = Debug|Any CPU
		{0FE71ED4-06CB-48E2-BEA8-82361444596B}.Release|Any CPU.ActiveCfg = Release|Any CPU
		{0FE71ED4-06CB-48E2-BEA8-82361444596B}.Release|Any CPU.Build.0 = Release|Any CPU
		{A7852938-59B1-4424-969F-6863BBE496E3}.Debug|Any CPU.ActiveCfg = Debug|Any CPU
		{A7852938-59B1-4424-969F-6863BBE496E3}.Debug|Any CPU.Build.0 = Debug|Any CPU
		{A7852938-59B1-4424-969F-6863BBE496E3}.Release|Any CPU.ActiveCfg = Release|Any CPU
		{A7852938-59B1-4424-969F-6863BBE496E3}.Release|Any CPU.Build.0 = Release|Any CPU
		{B6E0D513-6C53-474A-816F-8CF1F88B601B}.Debug|Any CPU.ActiveCfg = Debug|Any CPU
		{B6E0D513-6C53-474A-816F-8CF1F88B601B}.Debug|Any CPU.Build.0 = Debug|Any CPU
		{B6E0D513-6C53-474A-816F-8CF1F88B601B}.Release|Any CPU.ActiveCfg = Release|Any CPU
		{B6E0D513-6C53-474A-816F-8CF1F88B601B}.Release|Any CPU.Build.0 = Release|Any CPU
		{212E9940-9256-42A7-83FD-66EDD21675F2}.Debug|Any CPU.ActiveCfg = Debug|Any CPU
		{212E9940-9256-42A7-83FD-66EDD21675F2}.Debug|Any CPU.Build.0 = Debug|Any CPU
		{212E9940-9256-42A7-83FD-66EDD21675F2}.Release|Any CPU.ActiveCfg = Release|Any CPU
		{212E9940-9256-42A7-83FD-66EDD21675F2}.Release|Any CPU.Build.0 = Release|Any CPU
		{A251D7E3-BE97-47D4-B926-8BDA92073441}.Debug|Any CPU.ActiveCfg = Debug|Any CPU
		{A251D7E3-BE97-47D4-B926-8BDA92073441}.Debug|Any CPU.Build.0 = Debug|Any CPU
		{A251D7E3-BE97-47D4-B926-8BDA92073441}.Release|Any CPU.ActiveCfg = Release|Any CPU
		{A251D7E3-BE97-47D4-B926-8BDA92073441}.Release|Any CPU.Build.0 = Release|Any CPU
		{67ED1E11-6530-45CF-A6D9-4B55D7775874}.Debug|Any CPU.ActiveCfg = Debug|Any CPU
		{67ED1E11-6530-45CF-A6D9-4B55D7775874}.Debug|Any CPU.Build.0 = Debug|Any CPU
		{67ED1E11-6530-45CF-A6D9-4B55D7775874}.Release|Any CPU.ActiveCfg = Release|Any CPU
		{67ED1E11-6530-45CF-A6D9-4B55D7775874}.Release|Any CPU.Build.0 = Release|Any CPU
		{35CC9B0F-A960-4AD6-B186-D40AE4E605BB}.Debug|Any CPU.ActiveCfg = Debug|Any CPU
		{35CC9B0F-A960-4AD6-B186-D40AE4E605BB}.Debug|Any CPU.Build.0 = Debug|Any CPU
		{35CC9B0F-A960-4AD6-B186-D40AE4E605BB}.Release|Any CPU.ActiveCfg = Release|Any CPU
		{35CC9B0F-A960-4AD6-B186-D40AE4E605BB}.Release|Any CPU.Build.0 = Release|Any CPU
		{39F0E91B-E68B-4289-A1E6-9B9BF8597A82}.Debug|Any CPU.ActiveCfg = Debug|Any CPU
		{39F0E91B-E68B-4289-A1E6-9B9BF8597A82}.Debug|Any CPU.Build.0 = Debug|Any CPU
		{39F0E91B-E68B-4289-A1E6-9B9BF8597A82}.Release|Any CPU.ActiveCfg = Release|Any CPU
		{39F0E91B-E68B-4289-A1E6-9B9BF8597A82}.Release|Any CPU.Build.0 = Release|Any CPU
		{4DC84477-34CA-4223-BAD1-C11494BCB1FA}.Debug|Any CPU.ActiveCfg = Debug|Any CPU
		{4DC84477-34CA-4223-BAD1-C11494BCB1FA}.Debug|Any CPU.Build.0 = Debug|Any CPU
		{4DC84477-34CA-4223-BAD1-C11494BCB1FA}.Release|Any CPU.ActiveCfg = Release|Any CPU
		{4DC84477-34CA-4223-BAD1-C11494BCB1FA}.Release|Any CPU.Build.0 = Release|Any CPU
		{01FE9F97-1D51-434D-A42A-636B42A8302B}.Debug|Any CPU.ActiveCfg = Debug|Any CPU
		{01FE9F97-1D51-434D-A42A-636B42A8302B}.Debug|Any CPU.Build.0 = Debug|Any CPU
		{01FE9F97-1D51-434D-A42A-636B42A8302B}.Release|Any CPU.ActiveCfg = Release|Any CPU
		{01FE9F97-1D51-434D-A42A-636B42A8302B}.Release|Any CPU.Build.0 = Release|Any CPU
	EndGlobalSection
	GlobalSection(SolutionProperties) = preSolution
		HideSolutionNode = FALSE
	EndGlobalSection
EndGlobal
